
Microsoft Visual Studio Solution File, Format Version 12.00
# Visual Studio Version 17
VisualStudioVersion = 17.3.32819.101
MinimumVisualStudioVersion = 10.0.40219.1
Project("{9A19103F-16F7-4668-BE54-9A1E7A4F7556}") = "Companies.API", "Companies.API\Companies.API.csproj", "{BD56AF60-CAF8-41D3-AE9A-93644D217764}"
EndProject
Project("{9A19103F-16F7-4668-BE54-9A1E7A4F7556}") = "Company.Data", "Company.Data\Company.Data.csproj", "{D09E51F0-DA93-473B-8255-F189A4B540C1}"
EndProject
Project("{9A19103F-16F7-4668-BE54-9A1E7A4F7556}") = "Company.Common", "Company.Common\Company.Common.csproj", "{1B3758FE-9746-4C3C-8C2B-94F50EE2A8EA}"
EndProject
Global
	GlobalSection(SolutionConfigurationPlatforms) = preSolution
		Debug|Any CPU = Debug|Any CPU
		Release|Any CPU = Release|Any CPU
	EndGlobalSection
	GlobalSection(ProjectConfigurationPlatforms) = postSolution
		{BD56AF60-CAF8-41D3-AE9A-93644D217764}.Debug|Any CPU.ActiveCfg = Debug|Any CPU
		{BD56AF60-CAF8-41D3-AE9A-93644D217764}.Debug|Any CPU.Build.0 = Debug|Any CPU
		{BD56AF60-CAF8-41D3-AE9A-93644D217764}.Release|Any CPU.ActiveCfg = Release|Any CPU
		{BD56AF60-CAF8-41D3-AE9A-93644D217764}.Release|Any CPU.Build.0 = Release|Any CPU
		{D09E51F0-DA93-473B-8255-F189A4B540C1}.Debug|Any CPU.ActiveCfg = Debug|Any CPU
		{D09E51F0-DA93-473B-8255-F189A4B540C1}.Debug|Any CPU.Build.0 = Debug|Any CPU
		{D09E51F0-DA93-473B-8255-F189A4B540C1}.Release|Any CPU.ActiveCfg = Release|Any CPU
		{D09E51F0-DA93-473B-8255-F189A4B540C1}.Release|Any CPU.Build.0 = Release|Any CPU
		{1B3758FE-9746-4C3C-8C2B-94F50EE2A8EA}.Debug|Any CPU.ActiveCfg = Debug|Any CPU
		{1B3758FE-9746-4C3C-8C2B-94F50EE2A8EA}.Debug|Any CPU.Build.0 = Debug|Any CPU
		{1B3758FE-9746-4C3C-8C2B-94F50EE2A8EA}.Release|Any CPU.ActiveCfg = Release|Any CPU
		{1B3758FE-9746-4C3C-8C2B-94F50EE2A8EA}.Release|Any CPU.Build.0 = Release|Any CPU
	EndGlobalSection
	GlobalSection(SolutionProperties) = preSolution
		HideSolutionNode = FALSE
	EndGlobalSection
	GlobalSection(ExtensibilityGlobals) = postSolution
		SolutionGuid = {59552AD3-EE3E-481B-8A9C-A067051FD813}
	EndGlobalSection
EndGlobal
